
Microsoft Visual Studio Solution File, Format Version 12.00
# Visual Studio 2017
Project("{FAE04EC0-301F-11D3-BF4B-00C04F79EFBC}") = "Zombies-Stratego", "Zombies-Stratego.csproj", "{A1AA03AD-7B78-8ABD-21EC-30A9943D4BBD}"
EndProject
Global
	GlobalSection(SolutionConfigurationPlatforms) = preSolution
		Debug|Any CPU = Debug|Any CPU
		Release|Any CPU = Release|Any CPU
	EndGlobalSection
	GlobalSection(ProjectConfigurationPlatforms) = postSolution
		{A1AA03AD-7B78-8ABD-21EC-30A9943D4BBD}.Debug|Any CPU.ActiveCfg = Debug|Any CPU
		{A1AA03AD-7B78-8ABD-21EC-30A9943D4BBD}.Debug|Any CPU.Build.0 = Debug|Any CPU
		{A1AA03AD-7B78-8ABD-21EC-30A9943D4BBD}.Release|Any CPU.ActiveCfg = Release|Any CPU
		{A1AA03AD-7B78-8ABD-21EC-30A9943D4BBD}.Release|Any CPU.Build.0 = Release|Any CPU
	EndGlobalSection
	GlobalSection(SolutionProperties) = preSolution
		HideSolutionNode = FALSE
	EndGlobalSection
EndGlobal
